
Microsoft Visual Studio Solution File, Format Version 12.00
# Visual Studio Version 16
VisualStudioVersion = 16.0.29230.61
MinimumVisualStudioVersion = 10.0.40219.1
Project("{FAE04EC0-301F-11D3-BF4B-00C04F79EFBC}") = "OpenOfficeUploader", "OpenOfficeUploader\OpenOfficeUploader.csproj", "{56452C22-BE56-4BF9-912E-F9E700951562}"
EndProject
Global
	GlobalSection(SolutionConfigurationPlatforms) = preSolution
		Debug|Any CPU = Debug|Any CPU
		Release|Any CPU = Release|Any CPU
	EndGlobalSection
	GlobalSection(ProjectConfigurationPlatforms) = postSolution
		{56452C22-BE56-4BF9-912E-F9E700951562}.Debug|Any CPU.ActiveCfg = Debug|Any CPU
		{56452C22-BE56-4BF9-912E-F9E700951562}.Debug|Any CPU.Build.0 = Debug|Any CPU
		{56452C22-BE56-4BF9-912E-F9E700951562}.Release|Any CPU.ActiveCfg = Release|Any CPU
		{56452C22-BE56-4BF9-912E-F9E700951562}.Release|Any CPU.Build.0 = Release|Any CPU
	EndGlobalSection
	GlobalSection(SolutionProperties) = preSolution
		HideSolutionNode = FALSE
	EndGlobalSection
	GlobalSection(ExtensibilityGlobals) = postSolution
		SolutionGuid = {A2F09FD3-4542-4E2E-B14D-A23A9C867DF7}
	EndGlobalSection
EndGlobal
